
Microsoft Visual Studio Solution File, Format Version 12.00
# Visual Studio 15
VisualStudioVersion = 15.0.27130.2010
MinimumVisualStudioVersion = 10.0.40219.1
Project("{6EC3EE1D-3C4E-46DD-8F32-0CC8E7565705}") = "Joona.AdventOfCode2017.D1.E1", "Joona.AdventOfCode2017.D1.E1\Joona.AdventOfCode2017.D1.E1.fsproj", "{69E242B1-D128-486F-8748-EDA1391DF17D}"
EndProject
Project("{6EC3EE1D-3C4E-46DD-8F32-0CC8E7565705}") = "Joona.AdventOfCode2017.D1.E2", "Joona.AdventOfCode2017.D1.E2\Joona.AdventOfCode2017.D1.E2.fsproj", "{60643A69-580F-481A-9AFD-0F8AAE696EE9}"
EndProject
Project("{6EC3EE1D-3C4E-46DD-8F32-0CC8E7565705}") = "Joona.AdventOfCode2017.D2.E1", "Joona.AdventOfCode2017.D2.E1\Joona.AdventOfCode2017.D2.E1.fsproj", "{B5EDBAFB-4A58-40F2-8E0B-5DE37869DBA2}"
EndProject
Project("{6EC3EE1D-3C4E-46DD-8F32-0CC8E7565705}") = "Joona.AdventOfCode2017.D2.E2", "Joona.AdventOfCode2017.D2.E2\Joona.AdventOfCode2017.D2.E2.fsproj", "{A902DC26-AE6A-4641-BB75-9A548E8676FC}"
EndProject
Project("{6EC3EE1D-3C4E-46DD-8F32-0CC8E7565705}") = "Joona.AdventOfCode2017.D3.E1", "Joona.AdventOfCode2017.D3.E1\Joona.AdventOfCode2017.D3.E1.fsproj", "{DADF0116-6AEA-4F86-A8A3-17B658BE1FEB}"
EndProject
Project("{6EC3EE1D-3C4E-46DD-8F32-0CC8E7565705}") = "Joona.AdventOfCode2017.D3.E2", "Joona.AdventOfCode2017.D3.E2\Joona.AdventOfCode2017.D3.E2.fsproj", "{F4B36798-3D77-4211-9958-8E48B57E943B}"
EndProject
Project("{F2A71F9B-5D33-465A-A702-920D77279786}") = "Joona.AdventOfCode2017.D4.E1", "Joona.AdventOfCode2017.D4.E1\Joona.AdventOfCode2017.D4.E1.fsproj", "{03E2CAE6-45D4-4934-9835-0B5A0FBFD279}"
EndProject
Project("{F2A71F9B-5D33-465A-A702-920D77279786}") = "Joona.AdventOfCode2017.D4.E2", "Joona.AdventOfCode2017.D4.E2\Joona.AdventOfCode2017.D4.E2.fsproj", "{A72AA6F0-24F5-49F8-BFCB-36D1C807ECE3}"
EndProject
Global
	GlobalSection(SolutionConfigurationPlatforms) = preSolution
		Debug|Any CPU = Debug|Any CPU
		Release|Any CPU = Release|Any CPU
	EndGlobalSection
	GlobalSection(ProjectConfigurationPlatforms) = postSolution
		{69E242B1-D128-486F-8748-EDA1391DF17D}.Debug|Any CPU.ActiveCfg = Debug|Any CPU
		{69E242B1-D128-486F-8748-EDA1391DF17D}.Debug|Any CPU.Build.0 = Debug|Any CPU
		{69E242B1-D128-486F-8748-EDA1391DF17D}.Release|Any CPU.ActiveCfg = Release|Any CPU
		{69E242B1-D128-486F-8748-EDA1391DF17D}.Release|Any CPU.Build.0 = Release|Any CPU
		{60643A69-580F-481A-9AFD-0F8AAE696EE9}.Debug|Any CPU.ActiveCfg = Debug|Any CPU
		{60643A69-580F-481A-9AFD-0F8AAE696EE9}.Debug|Any CPU.Build.0 = Debug|Any CPU
		{60643A69-580F-481A-9AFD-0F8AAE696EE9}.Release|Any CPU.ActiveCfg = Release|Any CPU
		{60643A69-580F-481A-9AFD-0F8AAE696EE9}.Release|Any CPU.Build.0 = Release|Any CPU
		{B5EDBAFB-4A58-40F2-8E0B-5DE37869DBA2}.Debug|Any CPU.ActiveCfg = Debug|Any CPU
		{B5EDBAFB-4A58-40F2-8E0B-5DE37869DBA2}.Debug|Any CPU.Build.0 = Debug|Any CPU
		{B5EDBAFB-4A58-40F2-8E0B-5DE37869DBA2}.Release|Any CPU.ActiveCfg = Release|Any CPU
		{B5EDBAFB-4A58-40F2-8E0B-5DE37869DBA2}.Release|Any CPU.Build.0 = Release|Any CPU
		{A902DC26-AE6A-4641-BB75-9A548E8676FC}.Debug|Any CPU.ActiveCfg = Debug|Any CPU
		{A902DC26-AE6A-4641-BB75-9A548E8676FC}.Debug|Any CPU.Build.0 = Debug|Any CPU
		{A902DC26-AE6A-4641-BB75-9A548E8676FC}.Release|Any CPU.ActiveCfg = Release|Any CPU
		{A902DC26-AE6A-4641-BB75-9A548E8676FC}.Release|Any CPU.Build.0 = Release|Any CPU
		{DADF0116-6AEA-4F86-A8A3-17B658BE1FEB}.Debug|Any CPU.ActiveCfg = Debug|Any CPU
		{DADF0116-6AEA-4F86-A8A3-17B658BE1FEB}.Debug|Any CPU.Build.0 = Debug|Any CPU
		{DADF0116-6AEA-4F86-A8A3-17B658BE1FEB}.Release|Any CPU.ActiveCfg = Release|Any CPU
		{DADF0116-6AEA-4F86-A8A3-17B658BE1FEB}.Release|Any CPU.Build.0 = Release|Any CPU
		{F4B36798-3D77-4211-9958-8E48B57E943B}.Debug|Any CPU.ActiveCfg = Debug|Any CPU
		{F4B36798-3D77-4211-9958-8E48B57E943B}.Debug|Any CPU.Build.0 = Debug|Any CPU
		{F4B36798-3D77-4211-9958-8E48B57E943B}.Release|Any CPU.ActiveCfg = Release|Any CPU
		{F4B36798-3D77-4211-9958-8E48B57E943B}.Release|Any CPU.Build.0 = Release|Any CPU
		{03E2CAE6-45D4-4934-9835-0B5A0FBFD279}.Debug|Any CPU.ActiveCfg = Debug|Any CPU
		{03E2CAE6-45D4-4934-9835-0B5A0FBFD279}.Debug|Any CPU.Build.0 = Debug|Any CPU
		{03E2CAE6-45D4-4934-9835-0B5A0FBFD279}.Release|Any CPU.ActiveCfg = Release|Any CPU
		{03E2CAE6-45D4-4934-9835-0B5A0FBFD279}.Release|Any CPU.Build.0 = Release|Any CPU
		{A72AA6F0-24F5-49F8-BFCB-36D1C807ECE3}.Debug|Any CPU.ActiveCfg = Debug|Any CPU
		{A72AA6F0-24F5-49F8-BFCB-36D1C807ECE3}.Debug|Any CPU.Build.0 = Debug|Any CPU
		{A72AA6F0-24F5-49F8-BFCB-36D1C807ECE3}.Release|Any CPU.ActiveCfg = Release|Any CPU
		{A72AA6F0-24F5-49F8-BFCB-36D1C807ECE3}.Release|Any CPU.Build.0 = Release|Any CPU
	EndGlobalSection
	GlobalSection(SolutionProperties) = preSolution
		HideSolutionNode = FALSE
	EndGlobalSection
	GlobalSection(ExtensibilityGlobals) = postSolution
		SolutionGuid = {D760935B-57D6-4DB0-BC66-6F03CB3E8F7A}
	EndGlobalSection
EndGlobal
