
Microsoft Visual Studio Solution File, Format Version 12.00
# Visual Studio 15
VisualStudioVersion = 15.0.27130.2036
MinimumVisualStudioVersion = 10.0.40219.1
Project("{6EC3EE1D-3C4E-46DD-8F32-0CC8E7565705}") = "Joona.AdventOfCode2017.D1.E1", "Joona.AdventOfCode2017.D1.E1\Joona.AdventOfCode2017.D1.E1.fsproj", "{69E242B1-D128-486F-8748-EDA1391DF17D}"
EndProject
Project("{6EC3EE1D-3C4E-46DD-8F32-0CC8E7565705}") = "Joona.AdventOfCode2017.D1.E2", "Joona.AdventOfCode2017.D1.E2\Joona.AdventOfCode2017.D1.E2.fsproj", "{60643A69-580F-481A-9AFD-0F8AAE696EE9}"
EndProject
Project("{6EC3EE1D-3C4E-46DD-8F32-0CC8E7565705}") = "Joona.AdventOfCode2017.D2.E1", "Joona.AdventOfCode2017.D2.E1\Joona.AdventOfCode2017.D2.E1.fsproj", "{B5EDBAFB-4A58-40F2-8E0B-5DE37869DBA2}"
EndProject
Project("{6EC3EE1D-3C4E-46DD-8F32-0CC8E7565705}") = "Joona.AdventOfCode2017.D2.E2", "Joona.AdventOfCode2017.D2.E2\Joona.AdventOfCode2017.D2.E2.fsproj", "{A902DC26-AE6A-4641-BB75-9A548E8676FC}"
EndProject
Project("{6EC3EE1D-3C4E-46DD-8F32-0CC8E7565705}") = "Joona.AdventOfCode2017.D3.E1", "Joona.AdventOfCode2017.D3.E1\Joona.AdventOfCode2017.D3.E1.fsproj", "{DADF0116-6AEA-4F86-A8A3-17B658BE1FEB}"
EndProject
Project("{6EC3EE1D-3C4E-46DD-8F32-0CC8E7565705}") = "Joona.AdventOfCode2017.D3.E2", "Joona.AdventOfCode2017.D3.E2\Joona.AdventOfCode2017.D3.E2.fsproj", "{F4B36798-3D77-4211-9958-8E48B57E943B}"
EndProject
Project("{6EC3EE1D-3C4E-46DD-8F32-0CC8E7565705}") = "Joona.AdventOfCode2017.D4.E1", "Joona.AdventOfCode2017.D4.E1\Joona.AdventOfCode2017.D4.E1.fsproj", "{03E2CAE6-45D4-4934-9835-0B5A0FBFD279}"
EndProject
Project("{6EC3EE1D-3C4E-46DD-8F32-0CC8E7565705}") = "Joona.AdventOfCode2017.D4.E2", "Joona.AdventOfCode2017.D4.E2\Joona.AdventOfCode2017.D4.E2.fsproj", "{A72AA6F0-24F5-49F8-BFCB-36D1C807ECE3}"
EndProject
Project("{6EC3EE1D-3C4E-46DD-8F32-0CC8E7565705}") = "Joona.AdventOfCode2017.D5.E1", "Joona.AdventOfCode2017.D5.E1\Joona.AdventOfCode2017.D5.E1.fsproj", "{EEFFDBCB-3E3C-4802-A81E-FF6641AA7510}"
EndProject
Project("{6EC3EE1D-3C4E-46DD-8F32-0CC8E7565705}") = "Joona.AdventOfCode2017.D5.E2", "Joona.AdventOfCode2017.D5.E2\Joona.AdventOfCode2017.D5.E2.fsproj", "{018ED3F9-F9B1-48A3-9EB2-A3FF03F8710E}"
EndProject
Project("{6EC3EE1D-3C4E-46DD-8F32-0CC8E7565705}") = "Joona.AdventOfCode2017.D6.E1", "Joona.AdventOfCode2017.D6.E1\Joona.AdventOfCode2017.D6.E1.fsproj", "{59C35622-EBD5-4A95-AD21-A1A364839C0C}"
EndProject
Project("{6EC3EE1D-3C4E-46DD-8F32-0CC8E7565705}") = "Joona.AdventOfCode2017.D6.E2", "Joona.AdventOfCode2017.D6.E2\Joona.AdventOfCode2017.D6.E2.fsproj", "{40924629-7726-460E-9F21-CF34AAEC9840}"
EndProject
Project("{6EC3EE1D-3C4E-46DD-8F32-0CC8E7565705}") = "Joona.AdventOfCode2017.D7.E1", "Joona.AdventOfCode2017.D7.E1\Joona.AdventOfCode2017.D7.E1.fsproj", "{7FBF6B59-1D4B-489D-9542-7AC6FBBBC114}"
EndProject
Project("{6EC3EE1D-3C4E-46DD-8F32-0CC8E7565705}") = "Joona.AdventOfCode2017.D7.E2", "Joona.AdventOfCode2017.D7.E2\Joona.AdventOfCode2017.D7.E2.fsproj", "{6960004F-A582-49A6-BD06-200BFF0FEA20}"
EndProject
Project("{6EC3EE1D-3C4E-46DD-8F32-0CC8E7565705}") = "Joona.AdventOfCode2017.D8.E1", "Joona.AdventOfCode2017.D8.E1\Joona.AdventOfCode2017.D8.E1.fsproj", "{C1BAFE28-63E1-43D4-BBA9-08F7F424FBEE}"
EndProject
Project("{6EC3EE1D-3C4E-46DD-8F32-0CC8E7565705}") = "Joona.AdventOfCode2017.D8.E2", "Joona.AdventOfCode2017.D8.E2\Joona.AdventOfCode2017.D8.E2.fsproj", "{882A5E8C-B559-446B-9A56-D2E6A5F84B04}"
EndProject
Project("{6EC3EE1D-3C4E-46DD-8F32-0CC8E7565705}") = "Joona.AdventOfCode2017.D9.E1", "Joona.AdventOfCode2017.D9.E1\Joona.AdventOfCode2017.D9.E1.fsproj", "{E5C46B5C-957C-40EC-8305-95C99864618A}"
EndProject
Project("{6EC3EE1D-3C4E-46DD-8F32-0CC8E7565705}") = "Joona.AdventOfCode2017.D9.E2", "Joona.AdventOfCode2017.D9.E2\Joona.AdventOfCode2017.D9.E2.fsproj", "{7C972D6F-2821-4116-8868-D02EEDF09F89}"
EndProject
Project("{6EC3EE1D-3C4E-46DD-8F32-0CC8E7565705}") = "Joona.AdventOfCode2017.D10.E1", "Joona.AdventOfCode2017.D10.E1\Joona.AdventOfCode2017.D10.E1.fsproj", "{3AD979F1-5749-4BD5-8126-789FF4979DA4}"
EndProject
Project("{6EC3EE1D-3C4E-46DD-8F32-0CC8E7565705}") = "Joona.AdventOfCode2017.D10.E2", "Joona.AdventOfCode2017.D10.E2\Joona.AdventOfCode2017.D10.E2.fsproj", "{0A534FB7-30AE-40F2-BE3D-786EB767B466}"
EndProject
Project("{F2A71F9B-5D33-465A-A702-920D77279786}") = "Joona.AdventOfCode2017.D11.E1", "Joona.AdventOfCode2017.D11.E1\Joona.AdventOfCode2017.D11.E1.fsproj", "{9BAEA3DB-909C-49DD-A447-9C888BFB6CA3}"
EndProject
Global
	GlobalSection(SolutionConfigurationPlatforms) = preSolution
		Debug|Any CPU = Debug|Any CPU
		Release|Any CPU = Release|Any CPU
	EndGlobalSection
	GlobalSection(ProjectConfigurationPlatforms) = postSolution
		{69E242B1-D128-486F-8748-EDA1391DF17D}.Debug|Any CPU.ActiveCfg = Debug|Any CPU
		{69E242B1-D128-486F-8748-EDA1391DF17D}.Debug|Any CPU.Build.0 = Debug|Any CPU
		{69E242B1-D128-486F-8748-EDA1391DF17D}.Release|Any CPU.ActiveCfg = Release|Any CPU
		{69E242B1-D128-486F-8748-EDA1391DF17D}.Release|Any CPU.Build.0 = Release|Any CPU
		{60643A69-580F-481A-9AFD-0F8AAE696EE9}.Debug|Any CPU.ActiveCfg = Debug|Any CPU
		{60643A69-580F-481A-9AFD-0F8AAE696EE9}.Debug|Any CPU.Build.0 = Debug|Any CPU
		{60643A69-580F-481A-9AFD-0F8AAE696EE9}.Release|Any CPU.ActiveCfg = Release|Any CPU
		{60643A69-580F-481A-9AFD-0F8AAE696EE9}.Release|Any CPU.Build.0 = Release|Any CPU
		{B5EDBAFB-4A58-40F2-8E0B-5DE37869DBA2}.Debug|Any CPU.ActiveCfg = Debug|Any CPU
		{B5EDBAFB-4A58-40F2-8E0B-5DE37869DBA2}.Debug|Any CPU.Build.0 = Debug|Any CPU
		{B5EDBAFB-4A58-40F2-8E0B-5DE37869DBA2}.Release|Any CPU.ActiveCfg = Release|Any CPU
		{B5EDBAFB-4A58-40F2-8E0B-5DE37869DBA2}.Release|Any CPU.Build.0 = Release|Any CPU
		{A902DC26-AE6A-4641-BB75-9A548E8676FC}.Debug|Any CPU.ActiveCfg = Debug|Any CPU
		{A902DC26-AE6A-4641-BB75-9A548E8676FC}.Debug|Any CPU.Build.0 = Debug|Any CPU
		{A902DC26-AE6A-4641-BB75-9A548E8676FC}.Release|Any CPU.ActiveCfg = Release|Any CPU
		{A902DC26-AE6A-4641-BB75-9A548E8676FC}.Release|Any CPU.Build.0 = Release|Any CPU
		{DADF0116-6AEA-4F86-A8A3-17B658BE1FEB}.Debug|Any CPU.ActiveCfg = Debug|Any CPU
		{DADF0116-6AEA-4F86-A8A3-17B658BE1FEB}.Debug|Any CPU.Build.0 = Debug|Any CPU
		{DADF0116-6AEA-4F86-A8A3-17B658BE1FEB}.Release|Any CPU.ActiveCfg = Release|Any CPU
		{DADF0116-6AEA-4F86-A8A3-17B658BE1FEB}.Release|Any CPU.Build.0 = Release|Any CPU
		{F4B36798-3D77-4211-9958-8E48B57E943B}.Debug|Any CPU.ActiveCfg = Debug|Any CPU
		{F4B36798-3D77-4211-9958-8E48B57E943B}.Debug|Any CPU.Build.0 = Debug|Any CPU
		{F4B36798-3D77-4211-9958-8E48B57E943B}.Release|Any CPU.ActiveCfg = Release|Any CPU
		{F4B36798-3D77-4211-9958-8E48B57E943B}.Release|Any CPU.Build.0 = Release|Any CPU
		{03E2CAE6-45D4-4934-9835-0B5A0FBFD279}.Debug|Any CPU.ActiveCfg = Debug|Any CPU
		{03E2CAE6-45D4-4934-9835-0B5A0FBFD279}.Debug|Any CPU.Build.0 = Debug|Any CPU
		{03E2CAE6-45D4-4934-9835-0B5A0FBFD279}.Release|Any CPU.ActiveCfg = Release|Any CPU
		{03E2CAE6-45D4-4934-9835-0B5A0FBFD279}.Release|Any CPU.Build.0 = Release|Any CPU
		{A72AA6F0-24F5-49F8-BFCB-36D1C807ECE3}.Debug|Any CPU.ActiveCfg = Debug|Any CPU
		{A72AA6F0-24F5-49F8-BFCB-36D1C807ECE3}.Debug|Any CPU.Build.0 = Debug|Any CPU
		{A72AA6F0-24F5-49F8-BFCB-36D1C807ECE3}.Release|Any CPU.ActiveCfg = Release|Any CPU
		{A72AA6F0-24F5-49F8-BFCB-36D1C807ECE3}.Release|Any CPU.Build.0 = Release|Any CPU
		{EEFFDBCB-3E3C-4802-A81E-FF6641AA7510}.Debug|Any CPU.ActiveCfg = Debug|Any CPU
		{EEFFDBCB-3E3C-4802-A81E-FF6641AA7510}.Debug|Any CPU.Build.0 = Debug|Any CPU
		{EEFFDBCB-3E3C-4802-A81E-FF6641AA7510}.Release|Any CPU.ActiveCfg = Release|Any CPU
		{EEFFDBCB-3E3C-4802-A81E-FF6641AA7510}.Release|Any CPU.Build.0 = Release|Any CPU
		{018ED3F9-F9B1-48A3-9EB2-A3FF03F8710E}.Debug|Any CPU.ActiveCfg = Debug|Any CPU
		{018ED3F9-F9B1-48A3-9EB2-A3FF03F8710E}.Debug|Any CPU.Build.0 = Debug|Any CPU
		{018ED3F9-F9B1-48A3-9EB2-A3FF03F8710E}.Release|Any CPU.ActiveCfg = Release|Any CPU
		{018ED3F9-F9B1-48A3-9EB2-A3FF03F8710E}.Release|Any CPU.Build.0 = Release|Any CPU
		{59C35622-EBD5-4A95-AD21-A1A364839C0C}.Debug|Any CPU.ActiveCfg = Debug|Any CPU
		{59C35622-EBD5-4A95-AD21-A1A364839C0C}.Debug|Any CPU.Build.0 = Debug|Any CPU
		{59C35622-EBD5-4A95-AD21-A1A364839C0C}.Release|Any CPU.ActiveCfg = Release|Any CPU
		{59C35622-EBD5-4A95-AD21-A1A364839C0C}.Release|Any CPU.Build.0 = Release|Any CPU
		{40924629-7726-460E-9F21-CF34AAEC9840}.Debug|Any CPU.ActiveCfg = Debug|Any CPU
		{40924629-7726-460E-9F21-CF34AAEC9840}.Debug|Any CPU.Build.0 = Debug|Any CPU
		{40924629-7726-460E-9F21-CF34AAEC9840}.Release|Any CPU.ActiveCfg = Release|Any CPU
		{40924629-7726-460E-9F21-CF34AAEC9840}.Release|Any CPU.Build.0 = Release|Any CPU
		{7FBF6B59-1D4B-489D-9542-7AC6FBBBC114}.Debug|Any CPU.ActiveCfg = Debug|Any CPU
		{7FBF6B59-1D4B-489D-9542-7AC6FBBBC114}.Debug|Any CPU.Build.0 = Debug|Any CPU
		{7FBF6B59-1D4B-489D-9542-7AC6FBBBC114}.Release|Any CPU.ActiveCfg = Release|Any CPU
		{7FBF6B59-1D4B-489D-9542-7AC6FBBBC114}.Release|Any CPU.Build.0 = Release|Any CPU
		{6960004F-A582-49A6-BD06-200BFF0FEA20}.Debug|Any CPU.ActiveCfg = Debug|Any CPU
		{6960004F-A582-49A6-BD06-200BFF0FEA20}.Debug|Any CPU.Build.0 = Debug|Any CPU
		{6960004F-A582-49A6-BD06-200BFF0FEA20}.Release|Any CPU.ActiveCfg = Release|Any CPU
		{6960004F-A582-49A6-BD06-200BFF0FEA20}.Release|Any CPU.Build.0 = Release|Any CPU
		{C1BAFE28-63E1-43D4-BBA9-08F7F424FBEE}.Debug|Any CPU.ActiveCfg = Debug|Any CPU
		{C1BAFE28-63E1-43D4-BBA9-08F7F424FBEE}.Debug|Any CPU.Build.0 = Debug|Any CPU
		{C1BAFE28-63E1-43D4-BBA9-08F7F424FBEE}.Release|Any CPU.ActiveCfg = Release|Any CPU
		{C1BAFE28-63E1-43D4-BBA9-08F7F424FBEE}.Release|Any CPU.Build.0 = Release|Any CPU
		{882A5E8C-B559-446B-9A56-D2E6A5F84B04}.Debug|Any CPU.ActiveCfg = Debug|Any CPU
		{882A5E8C-B559-446B-9A56-D2E6A5F84B04}.Debug|Any CPU.Build.0 = Debug|Any CPU
		{882A5E8C-B559-446B-9A56-D2E6A5F84B04}.Release|Any CPU.ActiveCfg = Release|Any CPU
		{882A5E8C-B559-446B-9A56-D2E6A5F84B04}.Release|Any CPU.Build.0 = Release|Any CPU
		{E5C46B5C-957C-40EC-8305-95C99864618A}.Debug|Any CPU.ActiveCfg = Debug|Any CPU
		{E5C46B5C-957C-40EC-8305-95C99864618A}.Debug|Any CPU.Build.0 = Debug|Any CPU
		{E5C46B5C-957C-40EC-8305-95C99864618A}.Release|Any CPU.ActiveCfg = Release|Any CPU
		{E5C46B5C-957C-40EC-8305-95C99864618A}.Release|Any CPU.Build.0 = Release|Any CPU
		{7C972D6F-2821-4116-8868-D02EEDF09F89}.Debug|Any CPU.ActiveCfg = Debug|Any CPU
		{7C972D6F-2821-4116-8868-D02EEDF09F89}.Debug|Any CPU.Build.0 = Debug|Any CPU
		{7C972D6F-2821-4116-8868-D02EEDF09F89}.Release|Any CPU.ActiveCfg = Release|Any CPU
		{7C972D6F-2821-4116-8868-D02EEDF09F89}.Release|Any CPU.Build.0 = Release|Any CPU
		{3AD979F1-5749-4BD5-8126-789FF4979DA4}.Debug|Any CPU.ActiveCfg = Debug|Any CPU
		{3AD979F1-5749-4BD5-8126-789FF4979DA4}.Debug|Any CPU.Build.0 = Debug|Any CPU
		{3AD979F1-5749-4BD5-8126-789FF4979DA4}.Release|Any CPU.ActiveCfg = Release|Any CPU
		{3AD979F1-5749-4BD5-8126-789FF4979DA4}.Release|Any CPU.Build.0 = Release|Any CPU
		{0A534FB7-30AE-40F2-BE3D-786EB767B466}.Debug|Any CPU.ActiveCfg = Debug|Any CPU
		{0A534FB7-30AE-40F2-BE3D-786EB767B466}.Debug|Any CPU.Build.0 = Debug|Any CPU
		{0A534FB7-30AE-40F2-BE3D-786EB767B466}.Release|Any CPU.ActiveCfg = Release|Any CPU
		{0A534FB7-30AE-40F2-BE3D-786EB767B466}.Release|Any CPU.Build.0 = Release|Any CPU
		{9BAEA3DB-909C-49DD-A447-9C888BFB6CA3}.Debug|Any CPU.ActiveCfg = Debug|Any CPU
		{9BAEA3DB-909C-49DD-A447-9C888BFB6CA3}.Debug|Any CPU.Build.0 = Debug|Any CPU
		{9BAEA3DB-909C-49DD-A447-9C888BFB6CA3}.Release|Any CPU.ActiveCfg = Release|Any CPU
		{9BAEA3DB-909C-49DD-A447-9C888BFB6CA3}.Release|Any CPU.Build.0 = Release|Any CPU
	EndGlobalSection
	GlobalSection(SolutionProperties) = preSolution
		HideSolutionNode = FALSE
	EndGlobalSection
	GlobalSection(ExtensibilityGlobals) = postSolution
		SolutionGuid = {D760935B-57D6-4DB0-BC66-6F03CB3E8F7A}
	EndGlobalSection
EndGlobal
